
Microsoft Visual Studio Solution File, Format Version 12.00
# Visual Studio Version 17
VisualStudioVersion = 17.2.32616.157
MinimumVisualStudioVersion = 10.0.40219.1
Project("{FAE04EC0-301F-11D3-BF4B-00C04F79EFBC}") = "The DES cipher", "The DES cipher\The DES cipher.csproj", "{62AC7869-3B0B-4719-9341-0867068173CB}"
EndProject
Global
	GlobalSection(SolutionConfigurationPlatforms) = preSolution
		Debug|Any CPU = Debug|Any CPU
		Release|Any CPU = Release|Any CPU
	EndGlobalSection
	GlobalSection(ProjectConfigurationPlatforms) = postSolution
		{62AC7869-3B0B-4719-9341-0867068173CB}.Debug|Any CPU.ActiveCfg = Debug|Any CPU
		{62AC7869-3B0B-4719-9341-0867068173CB}.Debug|Any CPU.Build.0 = Debug|Any CPU
		{62AC7869-3B0B-4719-9341-0867068173CB}.Release|Any CPU.ActiveCfg = Release|Any CPU
		{62AC7869-3B0B-4719-9341-0867068173CB}.Release|Any CPU.Build.0 = Release|Any CPU
	EndGlobalSection
	GlobalSection(SolutionProperties) = preSolution
		HideSolutionNode = FALSE
	EndGlobalSection
	GlobalSection(ExtensibilityGlobals) = postSolution
		SolutionGuid = {93D3E39E-65B0-4222-B887-2854A1DE2FB9}
	EndGlobalSection
EndGlobal
